
Microsoft Visual Studio Solution File, Format Version 12.00
# Visual Studio 15
VisualStudioVersion = 15.0.27428.1
MinimumVisualStudioVersion = 10.0.40219.1
Project("{888888A0-9F3D-457C-B088-3A5042F75D52}") = "ConvertRA", "ConvertRA\ConvertRA.pyproj", "{2131CBDD-6C0F-447F-8E5B-C1EC0CDB7B68}"
EndProject
Global
	GlobalSection(SolutionConfigurationPlatforms) = preSolution
		Debug|Any CPU = Debug|Any CPU
		Release|Any CPU = Release|Any CPU
	EndGlobalSection
	GlobalSection(ProjectConfigurationPlatforms) = postSolution
		{2131CBDD-6C0F-447F-8E5B-C1EC0CDB7B68}.Debug|Any CPU.ActiveCfg = Debug|Any CPU
		{2131CBDD-6C0F-447F-8E5B-C1EC0CDB7B68}.Release|Any CPU.ActiveCfg = Release|Any CPU
	EndGlobalSection
	GlobalSection(SolutionProperties) = preSolution
		HideSolutionNode = FALSE
	EndGlobalSection
	GlobalSection(ExtensibilityGlobals) = postSolution
		SolutionGuid = {C193EED1-E90D-4B89-87C7-BE13164BC152}
	EndGlobalSection
EndGlobal
